
Microsoft Visual Studio Solution File, Format Version 12.00
# Visual Studio Version 17
VisualStudioVersion = 17.5.33424.131
MinimumVisualStudioVersion = 10.0.40219.1
Project("{FAE04EC0-301F-11D3-BF4B-00C04F79EFBC}") = "String.CalculatorKata.Domain", "String.CalculatorKata.Domain\String.CalculatorKata.Domain.csproj", "{BB6AE5B9-87D3-46BA-98AE-70BD6F10F4E6}"
EndProject
Project("{FAE04EC0-301F-11D3-BF4B-00C04F79EFBC}") = "StringCalculatorKata.Domain.Tests", "StringCalculatorKata.Domain.Tests\StringCalculatorKata.Domain.Tests.csproj", "{FBC94D94-9805-4B98-A835-D42096782D85}"
EndProject
Global
	GlobalSection(SolutionConfigurationPlatforms) = preSolution
		Debug|Any CPU = Debug|Any CPU
		Release|Any CPU = Release|Any CPU
	EndGlobalSection
	GlobalSection(ProjectConfigurationPlatforms) = postSolution
		{BB6AE5B9-87D3-46BA-98AE-70BD6F10F4E6}.Debug|Any CPU.ActiveCfg = Debug|Any CPU
		{BB6AE5B9-87D3-46BA-98AE-70BD6F10F4E6}.Debug|Any CPU.Build.0 = Debug|Any CPU
		{BB6AE5B9-87D3-46BA-98AE-70BD6F10F4E6}.Release|Any CPU.ActiveCfg = Release|Any CPU
		{BB6AE5B9-87D3-46BA-98AE-70BD6F10F4E6}.Release|Any CPU.Build.0 = Release|Any CPU
		{FBC94D94-9805-4B98-A835-D42096782D85}.Debug|Any CPU.ActiveCfg = Debug|Any CPU
		{FBC94D94-9805-4B98-A835-D42096782D85}.Debug|Any CPU.Build.0 = Debug|Any CPU
		{FBC94D94-9805-4B98-A835-D42096782D85}.Release|Any CPU.ActiveCfg = Release|Any CPU
		{FBC94D94-9805-4B98-A835-D42096782D85}.Release|Any CPU.Build.0 = Release|Any CPU
	EndGlobalSection
	GlobalSection(SolutionProperties) = preSolution
		HideSolutionNode = FALSE
	EndGlobalSection
	GlobalSection(ExtensibilityGlobals) = postSolution
		SolutionGuid = {2AD24EC5-D184-4D58-8CF2-834384F29BC7}
	EndGlobalSection
EndGlobal
